
Microsoft Visual Studio Solution File, Format Version 12.00
# Visual Studio 2013
VisualStudioVersion = 12.0.21005.1
MinimumVisualStudioVersion = 10.0.40219.1
Project("{FAE04EC0-301F-11D3-BF4B-00C04F79EFBC}") = "Kata.Checkout", "Kata.Checkout\Kata.Checkout.csproj", "{03044AAC-7CEF-4B21-AB87-EF995FBD94B0}"
EndProject
Project("{FAE04EC0-301F-11D3-BF4B-00C04F79EFBC}") = "Kata.Checkout.Tests", "Kata.Checkout.Tests\Kata.Checkout.Tests.csproj", "{DD10C3AE-E689-494E-8D61-43949DA6B986}"
EndProject
Global
	GlobalSection(SolutionConfigurationPlatforms) = preSolution
		Debug|Any CPU = Debug|Any CPU
		Release|Any CPU = Release|Any CPU
	EndGlobalSection
	GlobalSection(ProjectConfigurationPlatforms) = postSolution
		{03044AAC-7CEF-4B21-AB87-EF995FBD94B0}.Debug|Any CPU.ActiveCfg = Debug|Any CPU
		{03044AAC-7CEF-4B21-AB87-EF995FBD94B0}.Debug|Any CPU.Build.0 = Debug|Any CPU
		{03044AAC-7CEF-4B21-AB87-EF995FBD94B0}.Release|Any CPU.ActiveCfg = Release|Any CPU
		{03044AAC-7CEF-4B21-AB87-EF995FBD94B0}.Release|Any CPU.Build.0 = Release|Any CPU
		{DD10C3AE-E689-494E-8D61-43949DA6B986}.Debug|Any CPU.ActiveCfg = Debug|Any CPU
		{DD10C3AE-E689-494E-8D61-43949DA6B986}.Debug|Any CPU.Build.0 = Debug|Any CPU
		{DD10C3AE-E689-494E-8D61-43949DA6B986}.Release|Any CPU.ActiveCfg = Release|Any CPU
		{DD10C3AE-E689-494E-8D61-43949DA6B986}.Release|Any CPU.Build.0 = Release|Any CPU
	EndGlobalSection
	GlobalSection(SolutionProperties) = preSolution
		HideSolutionNode = FALSE
	EndGlobalSection
EndGlobal
